
Microsoft Visual Studio Solution File, Format Version 12.00
# Visual Studio Version 17
VisualStudioVersion = 17.4.33205.214
MinimumVisualStudioVersion = 10.0.40219.1
Project("{FAE04EC0-301F-11D3-BF4B-00C04F79EFBC}") = "ZooProject", "ZooProject\ZooProject.csproj", "{2282C435-8A00-4E3F-8045-1EA109D7ECE2}"
EndProject
Global
	GlobalSection(SolutionConfigurationPlatforms) = preSolution
		Debug|Any CPU = Debug|Any CPU
		Release|Any CPU = Release|Any CPU
	EndGlobalSection
	GlobalSection(ProjectConfigurationPlatforms) = postSolution
		{2282C435-8A00-4E3F-8045-1EA109D7ECE2}.Debug|Any CPU.ActiveCfg = Debug|Any CPU
		{2282C435-8A00-4E3F-8045-1EA109D7ECE2}.Debug|Any CPU.Build.0 = Debug|Any CPU
		{2282C435-8A00-4E3F-8045-1EA109D7ECE2}.Release|Any CPU.ActiveCfg = Release|Any CPU
		{2282C435-8A00-4E3F-8045-1EA109D7ECE2}.Release|Any CPU.Build.0 = Release|Any CPU
	EndGlobalSection
	GlobalSection(SolutionProperties) = preSolution
		HideSolutionNode = FALSE
	EndGlobalSection
	GlobalSection(ExtensibilityGlobals) = postSolution
		SolutionGuid = {0358E505-365B-470D-9820-55ACD2D9ACD4}
	EndGlobalSection
EndGlobal
